
Microsoft Visual Studio Solution File, Format Version 12.00
# Visual Studio Version 16
VisualStudioVersion = 16.0.31410.357
MinimumVisualStudioVersion = 10.0.40219.1
Project("{FAE04EC0-301F-11D3-BF4B-00C04F79EFBC}") = "RestAPI", "RestAPI\RestAPI.csproj", "{AEAC4973-7D3C-4B4F-AAC7-C924B8694EBC}"
EndProject
Global
	GlobalSection(SolutionConfigurationPlatforms) = preSolution
		Debug|Any CPU = Debug|Any CPU
		Release|Any CPU = Release|Any CPU
	EndGlobalSection
	GlobalSection(ProjectConfigurationPlatforms) = postSolution
		{AEAC4973-7D3C-4B4F-AAC7-C924B8694EBC}.Debug|Any CPU.ActiveCfg = Debug|Any CPU
		{AEAC4973-7D3C-4B4F-AAC7-C924B8694EBC}.Debug|Any CPU.Build.0 = Debug|Any CPU
		{AEAC4973-7D3C-4B4F-AAC7-C924B8694EBC}.Release|Any CPU.ActiveCfg = Release|Any CPU
		{AEAC4973-7D3C-4B4F-AAC7-C924B8694EBC}.Release|Any CPU.Build.0 = Release|Any CPU
	EndGlobalSection
	GlobalSection(SolutionProperties) = preSolution
		HideSolutionNode = FALSE
	EndGlobalSection
	GlobalSection(ExtensibilityGlobals) = postSolution
		SolutionGuid = {FD86EC8A-A1FE-436C-8A68-11F833DAB837}
	EndGlobalSection
EndGlobal
